
Microsoft Visual Studio Solution File, Format Version 12.00
# Visual Studio Version 16
VisualStudioVersion = 16.0.31605.320
MinimumVisualStudioVersion = 10.0.40219.1
Project("{FAE04EC0-301F-11D3-BF4B-00C04F79EFBC}") = "ContactService", "ContactService\ContactService.csproj", "{F7FD8E97-AB78-4E16-BD86-D322BFC7B9AA}"
EndProject
Global
	GlobalSection(SolutionConfigurationPlatforms) = preSolution
		Debug|Any CPU = Debug|Any CPU
		Release|Any CPU = Release|Any CPU
	EndGlobalSection
	GlobalSection(ProjectConfigurationPlatforms) = postSolution
		{F7FD8E97-AB78-4E16-BD86-D322BFC7B9AA}.Debug|Any CPU.ActiveCfg = Debug|Any CPU
		{F7FD8E97-AB78-4E16-BD86-D322BFC7B9AA}.Debug|Any CPU.Build.0 = Debug|Any CPU
		{F7FD8E97-AB78-4E16-BD86-D322BFC7B9AA}.Release|Any CPU.ActiveCfg = Release|Any CPU
		{F7FD8E97-AB78-4E16-BD86-D322BFC7B9AA}.Release|Any CPU.Build.0 = Release|Any CPU
	EndGlobalSection
	GlobalSection(SolutionProperties) = preSolution
		HideSolutionNode = FALSE
	EndGlobalSection
	GlobalSection(ExtensibilityGlobals) = postSolution
		SolutionGuid = {33846961-8341-4E15-818C-958540DC4A2A}
	EndGlobalSection
EndGlobal
